
Microsoft Visual Studio Solution File, Format Version 12.00
# Visual Studio Version 16
VisualStudioVersion = 16.0.30523.141
MinimumVisualStudioVersion = 10.0.40219.1
Project("{8BC9CEB8-8B4A-11D0-8D11-00A0C91BC942}") = "cpp_algorithm_book", "cpp_algorithm_book\cpp_algorithm_book.vcxproj", "{2D6F3EDE-8B1D-46CC-81B3-5170FC338110}"
EndProject
Project("{8BC9CEB8-8B4A-11D0-8D11-00A0C91BC942}") = "array", "array\array.vcxproj", "{098210F9-6B6C-4839-9AEE-1841F8154130}"
EndProject
Project("{8BC9CEB8-8B4A-11D0-8D11-00A0C91BC942}") = "array_practice", "array_practice\array_practice.vcxproj", "{9C5A28EA-FFDD-4E71-948B-817510165FEE}"
EndProject
Project("{8BC9CEB8-8B4A-11D0-8D11-00A0C91BC942}") = "array_practice2", "array_practice2\array_practice2.vcxproj", "{17C85884-CDFE-415E-B50E-604668254720}"
EndProject
Project("{8BC9CEB8-8B4A-11D0-8D11-00A0C91BC942}") = "vector", "vector\vector.vcxproj", "{4EAB8B9C-DA2C-4FEA-AB84-E72E91B3F1C8}"
EndProject
Project("{8BC9CEB8-8B4A-11D0-8D11-00A0C91BC942}") = "forward_list", "forward_list\forward_list.vcxproj", "{D80A22DE-1B21-4A05-804C-F183B850E32B}"
EndProject
Global
	GlobalSection(SolutionConfigurationPlatforms) = preSolution
		Debug|x64 = Debug|x64
		Debug|x86 = Debug|x86
		Release|x64 = Release|x64
		Release|x86 = Release|x86
	EndGlobalSection
	GlobalSection(ProjectConfigurationPlatforms) = postSolution
		{2D6F3EDE-8B1D-46CC-81B3-5170FC338110}.Debug|x64.ActiveCfg = Debug|x64
		{2D6F3EDE-8B1D-46CC-81B3-5170FC338110}.Debug|x64.Build.0 = Debug|x64
		{2D6F3EDE-8B1D-46CC-81B3-5170FC338110}.Debug|x86.ActiveCfg = Debug|Win32
		{2D6F3EDE-8B1D-46CC-81B3-5170FC338110}.Debug|x86.Build.0 = Debug|Win32
		{2D6F3EDE-8B1D-46CC-81B3-5170FC338110}.Release|x64.ActiveCfg = Release|x64
		{2D6F3EDE-8B1D-46CC-81B3-5170FC338110}.Release|x64.Build.0 = Release|x64
		{2D6F3EDE-8B1D-46CC-81B3-5170FC338110}.Release|x86.ActiveCfg = Release|Win32
		{2D6F3EDE-8B1D-46CC-81B3-5170FC338110}.Release|x86.Build.0 = Release|Win32
		{098210F9-6B6C-4839-9AEE-1841F8154130}.Debug|x64.ActiveCfg = Debug|x64
		{098210F9-6B6C-4839-9AEE-1841F8154130}.Debug|x64.Build.0 = Debug|x64
		{098210F9-6B6C-4839-9AEE-1841F8154130}.Debug|x86.ActiveCfg = Debug|Win32
		{098210F9-6B6C-4839-9AEE-1841F8154130}.Debug|x86.Build.0 = Debug|Win32
		{098210F9-6B6C-4839-9AEE-1841F8154130}.Release|x64.ActiveCfg = Release|x64
		{098210F9-6B6C-4839-9AEE-1841F8154130}.Release|x64.Build.0 = Release|x64
		{098210F9-6B6C-4839-9AEE-1841F8154130}.Release|x86.ActiveCfg = Release|Win32
		{098210F9-6B6C-4839-9AEE-1841F8154130}.Release|x86.Build.0 = Release|Win32
		{9C5A28EA-FFDD-4E71-948B-817510165FEE}.Debug|x64.ActiveCfg = Debug|x64
		{9C5A28EA-FFDD-4E71-948B-817510165FEE}.Debug|x64.Build.0 = Debug|x64
		{9C5A28EA-FFDD-4E71-948B-817510165FEE}.Debug|x86.ActiveCfg = Debug|Win32
		{9C5A28EA-FFDD-4E71-948B-817510165FEE}.Debug|x86.Build.0 = Debug|Win32
		{9C5A28EA-FFDD-4E71-948B-817510165FEE}.Release|x64.ActiveCfg = Release|x64
		{9C5A28EA-FFDD-4E71-948B-817510165FEE}.Release|x64.Build.0 = Release|x64
		{9C5A28EA-FFDD-4E71-948B-817510165FEE}.Release|x86.ActiveCfg = Release|Win32
		{9C5A28EA-FFDD-4E71-948B-817510165FEE}.Release|x86.Build.0 = Release|Win32
		{17C85884-CDFE-415E-B50E-604668254720}.Debug|x64.ActiveCfg = Debug|x64
		{17C85884-CDFE-415E-B50E-604668254720}.Debug|x64.Build.0 = Debug|x64
		{17C85884-CDFE-415E-B50E-604668254720}.Debug|x86.ActiveCfg = Debug|Win32
		{17C85884-CDFE-415E-B50E-604668254720}.Debug|x86.Build.0 = Debug|Win32
		{17C85884-CDFE-415E-B50E-604668254720}.Release|x64.ActiveCfg = Release|x64
		{17C85884-CDFE-415E-B50E-604668254720}.Release|x64.Build.0 = Release|x64
		{17C85884-CDFE-415E-B50E-604668254720}.Release|x86.ActiveCfg = Release|Win32
		{17C85884-CDFE-415E-B50E-604668254720}.Release|x86.Build.0 = Release|Win32
		{4EAB8B9C-DA2C-4FEA-AB84-E72E91B3F1C8}.Debug|x64.ActiveCfg = Debug|x64
		{4EAB8B9C-DA2C-4FEA-AB84-E72E91B3F1C8}.Debug|x64.Build.0 = Debug|x64
		{4EAB8B9C-DA2C-4FEA-AB84-E72E91B3F1C8}.Debug|x86.ActiveCfg = Debug|Win32
		{4EAB8B9C-DA2C-4FEA-AB84-E72E91B3F1C8}.Debug|x86.Build.0 = Debug|Win32
		{4EAB8B9C-DA2C-4FEA-AB84-E72E91B3F1C8}.Release|x64.ActiveCfg = Release|x64
		{4EAB8B9C-DA2C-4FEA-AB84-E72E91B3F1C8}.Release|x64.Build.0 = Release|x64
		{4EAB8B9C-DA2C-4FEA-AB84-E72E91B3F1C8}.Release|x86.ActiveCfg = Release|Win32
		{4EAB8B9C-DA2C-4FEA-AB84-E72E91B3F1C8}.Release|x86.Build.0 = Release|Win32
		{D80A22DE-1B21-4A05-804C-F183B850E32B}.Debug|x64.ActiveCfg = Debug|x64
		{D80A22DE-1B21-4A05-804C-F183B850E32B}.Debug|x64.Build.0 = Debug|x64
		{D80A22DE-1B21-4A05-804C-F183B850E32B}.Debug|x86.ActiveCfg = Debug|Win32
		{D80A22DE-1B21-4A05-804C-F183B850E32B}.Debug|x86.Build.0 = Debug|Win32
		{D80A22DE-1B21-4A05-804C-F183B850E32B}.Release|x64.ActiveCfg = Release|x64
		{D80A22DE-1B21-4A05-804C-F183B850E32B}.Release|x64.Build.0 = Release|x64
		{D80A22DE-1B21-4A05-804C-F183B850E32B}.Release|x86.ActiveCfg = Release|Win32
		{D80A22DE-1B21-4A05-804C-F183B850E32B}.Release|x86.Build.0 = Release|Win32
	EndGlobalSection
	GlobalSection(SolutionProperties) = preSolution
		HideSolutionNode = FALSE
	EndGlobalSection
	GlobalSection(ExtensibilityGlobals) = postSolution
		SolutionGuid = {A80C6C02-6F31-4F12-A08F-C8CF450D2B73}
	EndGlobalSection
EndGlobal
